
Microsoft Visual Studio Solution File, Format Version 12.00
# Visual Studio Version 16
VisualStudioVersion = 16.0.32929.386
MinimumVisualStudioVersion = 10.0.40219.1
Project("{9092AA53-FB77-4645-B42D-1CCCA6BD08BD}") = "test1024", "test1024\test1024.njsproj", "{F9BB227F-4926-4D56-A6AE-276453FA29C9}"
EndProject
Global
	GlobalSection(SolutionConfigurationPlatforms) = preSolution
		Debug|Any CPU = Debug|Any CPU
		Release|Any CPU = Release|Any CPU
	EndGlobalSection
	GlobalSection(ProjectConfigurationPlatforms) = postSolution
		{F9BB227F-4926-4D56-A6AE-276453FA29C9}.Debug|Any CPU.ActiveCfg = Debug|Any CPU
		{F9BB227F-4926-4D56-A6AE-276453FA29C9}.Debug|Any CPU.Build.0 = Debug|Any CPU
		{F9BB227F-4926-4D56-A6AE-276453FA29C9}.Release|Any CPU.ActiveCfg = Release|Any CPU
		{F9BB227F-4926-4D56-A6AE-276453FA29C9}.Release|Any CPU.Build.0 = Release|Any CPU
	EndGlobalSection
	GlobalSection(SolutionProperties) = preSolution
		HideSolutionNode = FALSE
	EndGlobalSection
	GlobalSection(ExtensibilityGlobals) = postSolution
		SolutionGuid = {ABB6A95E-DBC3-4BB0-8D51-5D406EC24AEE}
	EndGlobalSection
EndGlobal
